// !$*UTF8*$!
{
	archiveVersion = 1;
	classes = {
	};
	objectVersion = 46;
	objects = {

/* Begin PBXBuildFile section */
		E8252EE71F451E24009B3810 /* AppDelegate.swift in Sources */ = {isa = PBXBuildFile; fileRef = E8252EE61F451E24009B3810 /* AppDelegate.swift */; };
		E8252EE91F451E24009B3810 /* ViewController.swift in Sources */ = {isa = PBXBuildFile; fileRef = E8252EE81F451E24009B3810 /* ViewController.swift */; };
		E8252EEC1F451E24009B3810 /* Main.storyboard in Resources */ = {isa = PBXBuildFile; fileRef = E8252EEA1F451E24009B3810 /* Main.storyboard */; };
		E8252EEE1F451E24009B3810 /* Assets.xcassets in Resources */ = {isa = PBXBuildFile; fileRef = E8252EED1F451E24009B3810 /* Assets.xcassets */; };
		E8252EF11F451E24009B3810 /* LaunchScreen.storyboard in Resources */ = {isa = PBXBuildFile; fileRef = E8252EEF1F451E24009B3810 /* LaunchScreen.storyboard */; };
		E8252EF91F4522BF009B3810 /* LoginViewController.swift in Sources */ = {isa = PBXBuildFile; fileRef = E8252EF81F4522BF009B3810 /* LoginViewController.swift */; };
		E8252EFB1F455014009B3810 /* BookListTableViewController.swift in Sources */ = {isa = PBXBuildFile; fileRef = E8252EFA1F455014009B3810 /* BookListTableViewController.swift */; };
		E8252EFD1F455A35009B3810 /* Book.swift in Sources */ = {isa = PBXBuildFile; fileRef = E8252EFC1F455A35009B3810 /* Book.swift */; };
		E8252EFF1F456338009B3810 /* BookDetailViewController.swift in Sources */ = {isa = PBXBuildFile; fileRef = E8252EFE1F456338009B3810 /* BookDetailViewController.swift */; };
		E8252F011F456E74009B3810 /* WebViewController.swift in Sources */ = {isa = PBXBuildFile; fileRef = E8252F001F456E74009B3810 /* WebViewController.swift */; };
/* End PBXBuildFile section */

/* Begin PBXFileReference section */
		E8252EE31F451E24009B3810 /* MyBook.app */ = {isa = PBXFileReference; explicitFileType = wrapper.application; includeInIndex = 0; path = MyBook.app; sourceTree = BUILT_PRODUCTS_DIR; };
		E8252EE61F451E24009B3810 /* AppDelegate.swift */ = {isa = PBXFileReference; lastKnownFileType = sourcecode.swift; path = AppDelegate.swift; sourceTree = "<group>"; };
		E8252EE81F451E24009B3810 /* ViewController.swift */ = {isa = PBXFileReference; lastKnownFileType = sourcecode.swift; path = ViewController.swift; sourceTree = "<group>"; };
		E8252EEB1F451E24009B3810 /* Base */ = {isa = PBXFileReference; lastKnownFileType = file.storyboard; name = Base; path = Base.lproj/Main.storyboard; sourceTree = "<group>"; };
		E8252EED1F451E24009B3810 /* Assets.xcassets */ = {isa = PBXFileReference; lastKnownFileType = folder.assetcatalog; path = Assets.xcassets; sourceTree = "<group>"; };
		E8252EF01F451E24009B3810 /* Base */ = {isa = PBXFileReference; lastKnownFileType = file.storyboard; name = Base; path = Base.lproj/LaunchScreen.storyboard; sourceTree = "<group>"; };
		E8252EF21F451E24009B3810 /* Info.plist */ = {isa = PBXFileReference; lastKnownFileType = text.plist.xml; path = Info.plist; sourceTree = "<group>"; };
		E8252EF81F4522BF009B3810 /* LoginViewController.swift */ = {isa = PBXFileReference; fileEncoding = 4; lastKnownFileType = sourcecode.swift; path = LoginViewController.swift; sourceTree = "<group>"; };
		E8252EFA1F455014009B3810 /* BookListTableViewController.swift */ = {isa = PBXFileReference; fileEncoding = 4; lastKnownFileType = sourcecode.swift; path = BookListTableViewController.swift; sourceTree = "<group>"; };
		E8252EFC1F455A35009B3810 /* Book.swift */ = {isa = PBXFileReference; fileEncoding = 4; lastKnownFileType = sourcecode.swift; path = Book.swift; sourceTree = "<group>"; };
		E8252EFE1F456338009B3810 /* BookDetailViewController.swift */ = {isa = PBXFileReference; fileEncoding = 4; lastKnownFileType = sourcecode.swift; path = BookDetailViewController.swift; sourceTree = "<group>"; };
		E8252F001F456E74009B3810 /* WebViewController.swift */ = {isa = PBXFileReference; fileEncoding = 4; lastKnownFileType = sourcecode.swift; path = WebViewController.swift; sourceTree = "<group>"; };
/* End PBXFileReference section */

/* Begin PBXFrameworksBuildPhase section */
		E8252EE01F451E24009B3810 /* Frameworks */ = {
			isa = PBXFrameworksBuildPhase;
			buildActionMask = 2147483647;
			files = (
			);
			runOnlyForDeploymentPostprocessing = 0;
		};
/* End PBXFrameworksBuildPhase section */

/* Begin PBXGroup section */
		E8252EDA1F451E24009B3810 = {
			isa = PBXGroup;
			children = (
				E8252EE51F451E24009B3810 /* MyBook */,
				E8252EE41F451E24009B3810 /* Products */,
			);
			sourceTree = "<group>";
		};
		E8252EE41F451E24009B3810 /* Products */ = {
			isa = PBXGroup;
			children = (
				E8252EE31F451E24009B3810 /* MyBook.app */,
			);
			name = Products;
			sourceTree = "<group>";
		};
		E8252EE51F451E24009B3810 /* MyBook */ = {
			isa = PBXGroup;
			children = (
				E8252EE61F451E24009B3810 /* AppDelegate.swift */,
				E8252EE81F451E24009B3810 /* ViewController.swift */,
				E8252EEA1F451E24009B3810 /* Main.storyboard */,
				E8252EED1F451E24009B3810 /* Assets.xcassets */,
				E8252EEF1F451E24009B3810 /* LaunchScreen.storyboard */,
				E8252EF21F451E24009B3810 /* Info.plist */,
				E8252EF81F4522BF009B3810 /* LoginViewController.swift */,
				E8252EFA1F455014009B3810 /* BookListTableViewController.swift */,
				E8252EFC1F455A35009B3810 /* Book.swift */,
				E8252EFE1F456338009B3810 /* BookDetailViewController.swift */,
				E8252F001F456E74009B3810 /* WebViewController.swift */,
			);
			path = MyBook;
			sourceTree = "<group>";
		};
/* End PBXGroup section */

/* Begin PBXNativeTarget section */
		E8252EE21F451E24009B3810 /* MyBook */ = {
			isa = PBXNativeTarget;
			buildConfigurationList = E8252EF51F451E24009B3810 /* Build configuration list for PBXNativeTarget "MyBook" */;
			buildPhases = (
				E8252EDF1F451E24009B3810 /* Sources */,
				E8252EE01F451E24009B3810 /* Frameworks */,
				E8252EE11F451E24009B3810 /* Resources */,
			);
			buildRules = (
			);
			dependencies = (
			);
			name = MyBook;
			productName = MyBook;
			productReference = E8252EE31F451E24009B3810 /* MyBook.app */;
			productType = "com.apple.product-type.application";
		};
/* End PBXNativeTarget section */

/* Begin PBXProject section */
		E8252EDB1F451E24009B3810 /* Project object */ = {
			isa = PBXProject;
			attributes = {
				LastSwiftUpdateCheck = 0830;
				LastUpgradeCheck = 0830;
				ORGANIZATIONNAME = "CJ ONS, Inc.";
				TargetAttributes = {
					E8252EE21F451E24009B3810 = {
						CreatedOnToolsVersion = 8.3.3;
						DevelopmentTeam = W3SJX8267Q;
						ProvisioningStyle = Automatic;
					};
				};
			};
			buildConfigurationList = E8252EDE1F451E24009B3810 /* Build configuration list for PBXProject "MyBook" */;
			compatibilityVersion = "Xcode 3.2";
			developmentRegion = English;
			hasScannedForEncodings = 0;
			knownRegions = (
				en,
				Base,
			);
			mainGroup = E8252EDA1F451E24009B3810;
			productRefGroup = E8252EE41F451E24009B3810 /* Products */;
			projectDirPath = "";
			projectRoot = "";
			targets = (
				E8252EE21F451E24009B3810 /* MyBook */,
			);
		};
/* End PBXProject section */

/* Begin PBXResourcesBuildPhase section */
		E8252EE11F451E24009B3810 /* Resources */ = {
			isa = PBXResourcesBuildPhase;
			buildActionMask = 2147483647;
			files = (
				E8252EF11F451E24009B3810 /* LaunchScreen.storyboard in Resources */,
				E8252EEE1F451E24009B3810 /* Assets.xcassets in Resources */,
				E8252EEC1F451E24009B3810 /* Main.storyboard in Resources */,
			);
			runOnlyForDeploymentPostprocessing = 0;
		};
/* End PBXResourcesBuildPhase section */

/* Begin PBXSourcesBuildPhase section */
		E8252EDF1F451E24009B3810 /* Sources */ = {
			isa = PBXSourcesBuildPhase;
			buildActionMask = 2147483647;
			files = (
				E8252EF91F4522BF009B3810 /* LoginViewController.swift in Sources */,
				E8252EE91F451E24009B3810 /* ViewController.swift in Sources */,
				E8252EFF1F456338009B3810 /* BookDetailViewController.swift in Sources */,
				E8252EFB1F455014009B3810 /* BookListTableViewController.swift in Sources */,
				E8252F011F456E74009B3810 /* WebViewController.swift in Sources */,
				E8252EFD1F455A35009B3810 /* Book.swift in Sources */,
				E8252EE71F451E24009B3810 /* AppDelegate.swift in Sources */,
			);
			runOnlyForDeploymentPostprocessing = 0;
		};
/* End PBXSourcesBuildPhase section */

/* Begin PBXVariantGroup section */
		E8252EEA1F451E24009B3810 /* Main.storyboard */ = {
			isa = PBXVariantGroup;
			children = (
				E8252EEB1F451E24009B3810 /* Base */,
			);
			name = Main.storyboard;
			sourceTree = "<group>";
		};
		E8252EEF1F451E24009B3810 /* LaunchScreen.storyboard */ = {
			isa = PBXVariantGroup;
			children = (
				E8252EF01F451E24009B3810 /* Base */,
			);
			name = LaunchScreen.storyboard;
			sourceTree = "<group>";
		};
/* End PBXVariantGroup section */

/* Begin XCBuildConfiguration section */
		E8252EF31F451E24009B3810 /* Debug */ = {
			isa = XCBuildConfiguration;
			buildSettings = {
				ALWAYS_SEARCH_USER_PATHS = NO;
				CLANG_ANALYZER_NONNULL = YES;
				CLANG_ANALYZER_NUMBER_OBJECT_CONVERSION = YES_AGGRESSIVE;
				CLANG_CXX_LANGUAGE_STANDARD = "gnu++0x";
				CLANG_CXX_LIBRARY = "libc++";
				CLANG_ENABLE_MODULES = YES;
				CLANG_ENABLE_OBJC_ARC = YES;
				CLANG_WARN_BOOL_CONVERSION = YES;
				CLANG_WARN_CONSTANT_CONVERSION = YES;
				CLANG_WARN_DIRECT_OBJC_ISA_USAGE = YES_ERROR;
				CLANG_WARN_DOCUMENTATION_COMMENTS = YES;
				CLANG_WARN_EMPTY_BODY = YES;
				CLANG_WARN_ENUM_CONVERSION = YES;
				CLANG_WARN_INFINITE_RECURSION = YES;
				CLANG_WARN_INT_CONVERSION = YES;
				CLANG_WARN_OBJC_ROOT_CLASS = YES_ERROR;
				CLANG_WARN_SUSPICIOUS_MOVE = YES;
				CLANG_WARN_UNREACHABLE_CODE = YES;
				CLANG_WARN__DUPLICATE_METHOD_MATCH = YES;
				"CODE_SIGN_IDENTITY[sdk=iphoneos*]" = "iPhone Developer";
				COPY_PHASE_STRIP = NO;
				DEBUG_INFORMATION_FORMAT = dwarf;
				ENABLE_STRICT_OBJC_MSGSEND = YES;
				ENABLE_TESTABILITY = YES;
				GCC_C_LANGUAGE_STANDARD = gnu99;
				GCC_DYNAMIC_NO_PIC = NO;
				GCC_NO_COMMON_BLOCKS = YES;
				GCC_OPTIMIZATION_LEVEL = 0;
				GCC_PREPROCESSOR_DEFINITIONS = (
					"DEBUG=1",
					"$(inherited)",
				);
				GCC_WARN_64_TO_32_BIT_CONVERSION = YES;
				GCC_WARN_ABOUT_RETURN_TYPE = YES_ERROR;
				GCC_WARN_UNDECLARED_SELECTOR = YES;
				GCC_WARN_UNINITIALIZED_AUTOS = YES_AGGRESSIVE;
				GCC_WARN_UNUSED_FUNCTION = YES;
				GCC_WARN_UNUSED_VARIABLE = YES;
				IPHONEOS_DEPLOYMENT_TARGET = 10.3;
				MTL_ENABLE_DEBUG_INFO = YES;
				ONLY_ACTIVE_ARCH = YES;
				SDKROOT = iphoneos;
				SWIFT_ACTIVE_COMPILATION_CONDITIONS = DEBUG;
				SWIFT_OPTIMIZATION_LEVEL = "-Onone";
				TARGETED_DEVICE_FAMILY = "1,2";
			};
			name = Debug;
		};
		E8252EF41F451E24009B3810 /* Release */ = {
			isa = XCBuildConfiguration;
			buildSettings = {
				ALWAYS_SEARCH_USER_PATHS = NO;
				CLANG_ANALYZER_NONNULL = YES;
				CLANG_ANALYZER_NUMBER_OBJECT_CONVERSION = YES_AGGRESSIVE;
				CLANG_CXX_LANGUAGE_STANDARD = "gnu++0x";
				CLANG_CXX_LIBRARY = "libc++";
				CLANG_ENABLE_MODULES = YES;
				CLANG_ENABLE_OBJC_ARC = YES;
				CLANG_WARN_BOOL_CONVERSION = YES;
				CLANG_WARN_CONSTANT_CONVERSION = YES;
				CLANG_WARN_DIRECT_OBJC_ISA_USAGE = YES_ERROR;
				CLANG_WARN_DOCUMENTATION_COMMENTS = YES;
				CLANG_WARN_EMPTY_BODY = YES;
				CLANG_WARN_ENUM_CONVERSION = YES;
				CLANG_WARN_INFINITE_RECURSION = YES;
				CLANG_WARN_INT_CONVERSION = YES;
				CLANG_WARN_OBJC_ROOT_CLASS = YES_ERROR;
				CLANG_WARN_SUSPICIOUS_MOVE = YES;
				CLANG_WARN_UNREACHABLE_CODE = YES;
				CLANG_WARN__DUPLICATE_METHOD_MATCH = YES;
				"CODE_SIGN_IDENTITY[sdk=iphoneos*]" = "iPhone Developer";
				COPY_PHASE_STRIP = NO;
				DEBUG_INFORMATION_FORMAT = "dwarf-with-dsym";
				ENABLE_NS_ASSERTIONS = NO;
				ENABLE_STRICT_OBJC_MSGSEND = YES;
				GCC_C_LANGUAGE_STANDARD = gnu99;
				GCC_NO_COMMON_BLOCKS = YES;
				GCC_WARN_64_TO_32_BIT_CONVERSION = YES;
				GCC_WARN_ABOUT_RETURN_TYPE = YES_ERROR;
				GCC_WARN_UNDECLARED_SELECTOR = YES;
				GCC_WARN_UNINITIALIZED_AUTOS = YES_AGGRESSIVE;
				GCC_WARN_UNUSED_FUNCTION = YES;
				GCC_WARN_UNUSED_VARIABLE = YES;
				IPHONEOS_DEPLOYMENT_TARGET = 10.3;
				MTL_ENABLE_DEBUG_INFO = NO;
				SDKROOT = iphoneos;
				SWIFT_OPTIMIZATION_LEVEL = "-Owholemodule";
				TARGETED_DEVICE_FAMILY = "1,2";
				VALIDATE_PRODUCT = YES;
			};
			name = Release;
		};
		E8252EF61F451E24009B3810 /* Debug */ = {
			isa = XCBuildConfiguration;
			buildSettings = {
				ASSETCATALOG_COMPILER_APPICON_NAME = AppIcon;
				DEVELOPMENT_TEAM = W3SJX8267Q;
				INFOPLIST_FILE = MyBook/Info.plist;
				LD_RUNPATH_SEARCH_PATHS = "$(inherited) @executable_path/Frameworks";
				PRODUCT_BUNDLE_IDENTIFIER = com.cjons.MyBook;
				PRODUCT_NAME = "$(TARGET_NAME)";
				SWIFT_VERSION = 3.0;
			};
			name = Debug;
		};
		E8252EF71F451E24009B3810 /* Release */ = {
			isa = XCBuildConfiguration;
			buildSettings = {
				ASSETCATALOG_COMPILER_APPICON_NAME = AppIcon;
				DEVELOPMENT_TEAM = W3SJX8267Q;
				INFOPLIST_FILE = MyBook/Info.plist;
				LD_RUNPATH_SEARCH_PATHS = "$(inherited) @executable_path/Frameworks";
				PRODUCT_BUNDLE_IDENTIFIER = com.cjons.MyBook;
				PRODUCT_NAME = "$(TARGET_NAME)";
				SWIFT_VERSION = 3.0;
			};
			name = Release;
		};
/* End XCBuildConfiguration section */

/* Begin XCConfigurationList section */
		E8252EDE1F451E24009B3810 /* Build configuration list for PBXProject "MyBook" */ = {
			isa = XCConfigurationList;
			buildConfigurations = (
				E8252EF31F451E24009B3810 /* Debug */,
				E8252EF41F451E24009B3810 /* Release */,
			);
			defaultConfigurationIsVisible = 0;
			defaultConfigurationName = Release;
		};
		E8252EF51F451E24009B3810 /* Build configuration list for PBXNativeTarget "MyBook" */ = {
			isa = XCConfigurationList;
			buildConfigurations = (
				E8252EF61F451E24009B3810 /* Debug */,
				E8252EF71F451E24009B3810 /* Release */,
			);
			defaultConfigurationIsVisible = 0;
		};
/* End XCConfigurationList section */
	};
	rootObject = E8252EDB1F451E24009B3810 /* Project object */;
}
